PODS:
  - Cordova (6.1.1):
    - Cordova/Cordova (= 6.1.1)
  - Cordova/Cordova (6.1.1)
  - CordovaPlugin-camera (3.0.0):
    - Cordova (>= 3.0.0)

DEPENDENCIES:
  - Cordova (~> 6.1.1)
  - CordovaPlugin-camera

SPEC REPOS:
  trunk:
    - Cordova
    - CordovaPlugin-camera

SPEC CHECKSUMS:
  Cordova: eea60c20c8262ae4aecc15e78fe6e03543c2cde4
  CordovaPlugin-camera: 41452b27c3f5b8f66376d5ea88d258ffe3dca496

PODFILE CHECKSUM: 1ce7ade5edcdd0dd9b6487d68e52b8e1eff7fc20

COCOAPODS: 1.10.1
