// !$*UTF8*$!
{
	archiveVersion = 1;
	classes = {
	};
	objectVersion = 50;
	objects = {

/* Begin PBXBuildFile section */
		B858B6069E8FF1323DA5FF03 /* libPods-cordova-project.a in Frameworks */ = {isa = PBXBuildFile; fileRef = D4509D42BEEBF118D8616631 /* libPods-cordova-project.a */; };
		BCB6F54C26885FDD004E8045 /* AppDelegate.m in Sources */ = {isa = PBXBuildFile; fileRef = BCB6F54B26885FDD004E8045 /* AppDelegate.m */; };
		BCB6F55226885FDD004E8045 /* ViewController.m in Sources */ = {isa = PBXBuildFile; fileRef = BCB6F55126885FDD004E8045 /* ViewController.m */; };
		BCB6F55526885FDD004E8045 /* Main.storyboard in Resources */ = {isa = PBXBuildFile; fileRef = BCB6F55326885FDD004E8045 /* Main.storyboard */; };
		BCB6F55726885FE0004E8045 /* Assets.xcassets in Resources */ = {isa = PBXBuildFile; fileRef = BCB6F55626885FE0004E8045 /* Assets.xcassets */; };
		BCB6F55A26885FE0004E8045 /* LaunchScreen.storyboard in Resources */ = {isa = PBXBuildFile; fileRef = BCB6F55826885FE0004E8045 /* LaunchScreen.storyboard */; };
		BCB6F55D26885FE0004E8045 /* main.m in Sources */ = {isa = PBXBuildFile; fileRef = BCB6F55C26885FE0004E8045 /* main.m */; };
		BCB6F56B26886D39004E8045 /* MYWebViewController.m in Sources */ = {isa = PBXBuildFile; fileRef = BCB6F56A26886D39004E8045 /* MYWebViewController.m */; };
		BCB6F57F268874BF004E8045 /* www in Resources */ = {isa = PBXBuildFile; fileRef = BCB6F57D268874BF004E8045 /* www */; };
		BCB6F580268874BF004E8045 /* config.xml in Resources */ = {isa = PBXBuildFile; fileRef = BCB6F57E268874BF004E8045 /* config.xml */; };
/* End PBXBuildFile section */

/* Begin PBXFileReference section */
		55BA7C24A38A0680C9EA7836 /* Pods-cordova-project.debug.xcconfig */ = {isa = PBXFileReference; includeInIndex = 1; lastKnownFileType = text.xcconfig; name = "Pods-cordova-project.debug.xcconfig"; path = "Target Support Files/Pods-cordova-project/Pods-cordova-project.debug.xcconfig"; sourceTree = "<group>"; };
		915BAC1AB54CCD6726B23F03 /* Pods-cordova-project.release.xcconfig */ = {isa = PBXFileReference; includeInIndex = 1; lastKnownFileType = text.xcconfig; name = "Pods-cordova-project.release.xcconfig"; path = "Target Support Files/Pods-cordova-project/Pods-cordova-project.release.xcconfig"; sourceTree = "<group>"; };
		BCB6F54726885FDD004E8045 /* cordova-project.app */ = {isa = PBXFileReference; explicitFileType = wrapper.application; includeInIndex = 0; path = "cordova-project.app"; sourceTree = BUILT_PRODUCTS_DIR; };
		BCB6F54A26885FDD004E8045 /* AppDelegate.h */ = {isa = PBXFileReference; lastKnownFileType = sourcecode.c.h; path = AppDelegate.h; sourceTree = "<group>"; };
		BCB6F54B26885FDD004E8045 /* AppDelegate.m */ = {isa = PBXFileReference; lastKnownFileType = sourcecode.c.objc; path = AppDelegate.m; sourceTree = "<group>"; };
		BCB6F55026885FDD004E8045 /* ViewController.h */ = {isa = PBXFileReference; lastKnownFileType = sourcecode.c.h; path = ViewController.h; sourceTree = "<group>"; };
		BCB6F55126885FDD004E8045 /* ViewController.m */ = {isa = PBXFileReference; lastKnownFileType = sourcecode.c.objc; path = ViewController.m; sourceTree = "<group>"; };
		BCB6F55426885FDD004E8045 /* Base */ = {isa = PBXFileReference; lastKnownFileType = file.storyboard; name = Base; path = Base.lproj/Main.storyboard; sourceTree = "<group>"; };
		BCB6F55626885FE0004E8045 /* Assets.xcassets */ = {isa = PBXFileReference; lastKnownFileType = folder.assetcatalog; path = Assets.xcassets; sourceTree = "<group>"; };
		BCB6F55926885FE0004E8045 /* Base */ = {isa = PBXFileReference; lastKnownFileType = file.storyboard; name = Base; path = Base.lproj/LaunchScreen.storyboard; sourceTree = "<group>"; };
		BCB6F55B26885FE0004E8045 /* Info.plist */ = {isa = PBXFileReference; lastKnownFileType = text.plist.xml; path = Info.plist; sourceTree = "<group>"; };
		BCB6F55C26885FE0004E8045 /* main.m */ = {isa = PBXFileReference; lastKnownFileType = sourcecode.c.objc; path = main.m; sourceTree = "<group>"; };
		BCB6F56926886D39004E8045 /* MYWebViewController.h */ = {isa = PBXFileReference; lastKnownFileType = sourcecode.c.h; path = MYWebViewController.h; sourceTree = "<group>"; };
		BCB6F56A26886D39004E8045 /* MYWebViewController.m */ = {isa = PBXFileReference; lastKnownFileType = sourcecode.c.objc; path = MYWebViewController.m; sourceTree = "<group>"; };
		BCB6F57D268874BF004E8045 /* www */ = {isa = PBXFileReference; lastKnownFileType = folder; path = www; sourceTree = "<group>"; };
		BCB6F57E268874BF004E8045 /* config.xml */ = {isa = PBXFileReference; fileEncoding = 4; lastKnownFileType = text.xml; path = config.xml; sourceTree = "<group>"; };
		D4509D42BEEBF118D8616631 /* libPods-cordova-project.a */ = {isa = PBXFileReference; explicitFileType = archive.ar; includeInIndex = 0; path = "libPods-cordova-project.a"; sourceTree = BUILT_PRODUCTS_DIR; };
/* End PBXFileReference section */

/* Begin PBXFrameworksBuildPhase section */
		BCB6F54426885FDD004E8045 /* Frameworks */ = {
			isa = PBXFrameworksBuildPhase;
			buildActionMask = 2147483647;
			files = (
				B858B6069E8FF1323DA5FF03 /* libPods-cordova-project.a in Frameworks */,
			);
			runOnlyForDeploymentPostprocessing = 0;
		};
/* End PBXFrameworksBuildPhase section */

/* Begin PBXGroup section */
		22D5229B162F4B3EDD332734 /* Pods */ = {
			isa = PBXGroup;
			children = (
				55BA7C24A38A0680C9EA7836 /* Pods-cordova-project.debug.xcconfig */,
				915BAC1AB54CCD6726B23F03 /* Pods-cordova-project.release.xcconfig */,
			);
			path = Pods;
			sourceTree = "<group>";
		};
		4FCAEB9338A22908FF34AE48 /* Frameworks */ = {
			isa = PBXGroup;
			children = (
				D4509D42BEEBF118D8616631 /* libPods-cordova-project.a */,
			);
			name = Frameworks;
			sourceTree = "<group>";
		};
		BCB6F53E26885FDD004E8045 = {
			isa = PBXGroup;
			children = (
				BCB6F57E268874BF004E8045 /* config.xml */,
				BCB6F57D268874BF004E8045 /* www */,
				BCB6F54926885FDD004E8045 /* cordova-project */,
				BCB6F54826885FDD004E8045 /* Products */,
				22D5229B162F4B3EDD332734 /* Pods */,
				4FCAEB9338A22908FF34AE48 /* Frameworks */,
			);
			sourceTree = "<group>";
		};
		BCB6F54826885FDD004E8045 /* Products */ = {
			isa = PBXGroup;
			children = (
				BCB6F54726885FDD004E8045 /* cordova-project.app */,
			);
			name = Products;
			sourceTree = "<group>";
		};
		BCB6F54926885FDD004E8045 /* cordova-project */ = {
			isa = PBXGroup;
			children = (
				BCB6F54A26885FDD004E8045 /* AppDelegate.h */,
				BCB6F54B26885FDD004E8045 /* AppDelegate.m */,
				BCB6F55026885FDD004E8045 /* ViewController.h */,
				BCB6F55126885FDD004E8045 /* ViewController.m */,
				BCB6F56926886D39004E8045 /* MYWebViewController.h */,
				BCB6F56A26886D39004E8045 /* MYWebViewController.m */,
				BCB6F55326885FDD004E8045 /* Main.storyboard */,
				BCB6F55626885FE0004E8045 /* Assets.xcassets */,
				BCB6F55826885FE0004E8045 /* LaunchScreen.storyboard */,
				BCB6F55B26885FE0004E8045 /* Info.plist */,
				BCB6F55C26885FE0004E8045 /* main.m */,
			);
			path = "cordova-project";
			sourceTree = "<group>";
		};
/* End PBXGroup section */

/* Begin PBXNativeTarget section */
		BCB6F54626885FDD004E8045 /* cordova-project */ = {
			isa = PBXNativeTarget;
			buildConfigurationList = BCB6F56026885FE0004E8045 /* Build configuration list for PBXNativeTarget "cordova-project" */;
			buildPhases = (
				4474EA8FBD07C09EE8583EF2 /* [CP] Check Pods Manifest.lock */,
				BCB6F54326885FDD004E8045 /* Sources */,
				BCB6F54426885FDD004E8045 /* Frameworks */,
				BCB6F54526885FDD004E8045 /* Resources */,
			);
			buildRules = (
			);
			dependencies = (
			);
			name = "cordova-project";
			productName = "cordova-project";
			productReference = BCB6F54726885FDD004E8045 /* cordova-project.app */;
			productType = "com.apple.product-type.application";
		};
/* End PBXNativeTarget section */

/* Begin PBXProject section */
		BCB6F53F26885FDD004E8045 /* Project object */ = {
			isa = PBXProject;
			attributes = {
				LastUpgradeCheck = 1250;
				TargetAttributes = {
					BCB6F54626885FDD004E8045 = {
						CreatedOnToolsVersion = 12.4;
					};
				};
			};
			buildConfigurationList = BCB6F54226885FDD004E8045 /* Build configuration list for PBXProject "cordova-project" */;
			compatibilityVersion = "Xcode 9.3";
			developmentRegion = en;
			hasScannedForEncodings = 0;
			knownRegions = (
				en,
				Base,
			);
			mainGroup = BCB6F53E26885FDD004E8045;
			productRefGroup = BCB6F54826885FDD004E8045 /* Products */;
			projectDirPath = "";
			projectRoot = "";
			targets = (
				BCB6F54626885FDD004E8045 /* cordova-project */,
			);
		};
/* End PBXProject section */

/* Begin PBXResourcesBuildPhase section */
		BCB6F54526885FDD004E8045 /* Resources */ = {
			isa = PBXResourcesBuildPhase;
			buildActionMask = 2147483647;
			files = (
				BCB6F57F268874BF004E8045 /* www in Resources */,
				BCB6F55A26885FE0004E8045 /* LaunchScreen.storyboard in Resources */,
				BCB6F55726885FE0004E8045 /* Assets.xcassets in Resources */,
				BCB6F55526885FDD004E8045 /* Main.storyboard in Resources */,
				BCB6F580268874BF004E8045 /* config.xml in Resources */,
			);
			runOnlyForDeploymentPostprocessing = 0;
		};
/* End PBXResourcesBuildPhase section */

/* Begin PBXShellScriptBuildPhase section */
		4474EA8FBD07C09EE8583EF2 /* [CP] Check Pods Manifest.lock */ = {
			isa = PBXShellScriptBuildPhase;
			buildActionMask = 2147483647;
			files = (
			);
			inputFileListPaths = (
			);
			inputPaths = (
				"${PODS_PODFILE_DIR_PATH}/Podfile.lock",
				"${PODS_ROOT}/Manifest.lock",
			);
			name = "[CP] Check Pods Manifest.lock";
			outputFileListPaths = (
			);
			outputPaths = (
				"$(DERIVED_FILE_DIR)/Pods-cordova-project-checkManifestLockResult.txt",
			);
			runOnlyForDeploymentPostprocessing = 0;
			shellPath = /bin/sh;
			shellScript = "diff \"${PODS_PODFILE_DIR_PATH}/Podfile.lock\" \"${PODS_ROOT}/Manifest.lock\" > /dev/null\nif [ $? != 0 ] ; then\n    # print error to STDERR\n    echo \"error: The sandbox is not in sync with the Podfile.lock. Run 'pod install' or update your CocoaPods installation.\" >&2\n    exit 1\nfi\n# This output is used by Xcode 'outputs' to avoid re-running this script phase.\necho \"SUCCESS\" > \"${SCRIPT_OUTPUT_FILE_0}\"\n";
			showEnvVarsInLog = 0;
		};
/* End PBXShellScriptBuildPhase section */

/* Begin PBXSourcesBuildPhase section */
		BCB6F54326885FDD004E8045 /* Sources */ = {
			isa = PBXSourcesBuildPhase;
			buildActionMask = 2147483647;
			files = (
				BCB6F55226885FDD004E8045 /* ViewController.m in Sources */,
				BCB6F54C26885FDD004E8045 /* AppDelegate.m in Sources */,
				BCB6F55D26885FE0004E8045 /* main.m in Sources */,
				BCB6F56B26886D39004E8045 /* MYWebViewController.m in Sources */,
			);
			runOnlyForDeploymentPostprocessing = 0;
		};
/* End PBXSourcesBuildPhase section */

/* Begin PBXVariantGroup section */
		BCB6F55326885FDD004E8045 /* Main.storyboard */ = {
			isa = PBXVariantGroup;
			children = (
				BCB6F55426885FDD004E8045 /* Base */,
			);
			name = Main.storyboard;
			sourceTree = "<group>";
		};
		BCB6F55826885FE0004E8045 /* LaunchScreen.storyboard */ = {
			isa = PBXVariantGroup;
			children = (
				BCB6F55926885FE0004E8045 /* Base */,
			);
			name = LaunchScreen.storyboard;
			sourceTree = "<group>";
		};
/* End PBXVariantGroup section */

/* Begin XCBuildConfiguration section */
		BCB6F55E26885FE0004E8045 /* Debug */ = {
			isa = XCBuildConfiguration;
			buildSettings = {
				ALWAYS_SEARCH_USER_PATHS = NO;
				CLANG_ANALYZER_NONNULL = YES;
				CLANG_ANALYZER_NUMBER_OBJECT_CONVERSION = YES_AGGRESSIVE;
				CLANG_CXX_LANGUAGE_STANDARD = "gnu++14";
				CLANG_CXX_LIBRARY = "libc++";
				CLANG_ENABLE_MODULES = YES;
				CLANG_ENABLE_OBJC_ARC = YES;
				CLANG_ENABLE_OBJC_WEAK = YES;
				CLANG_WARN_BLOCK_CAPTURE_AUTORELEASING = YES;
				CLANG_WARN_BOOL_CONVERSION = YES;
				CLANG_WARN_COMMA = YES;
				CLANG_WARN_CONSTANT_CONVERSION = YES;
				CLANG_WARN_DEPRECATED_OBJC_IMPLEMENTATIONS = YES;
				CLANG_WARN_DIRECT_OBJC_ISA_USAGE = YES_ERROR;
				CLANG_WARN_DOCUMENTATION_COMMENTS = YES;
				CLANG_WARN_EMPTY_BODY = YES;
				CLANG_WARN_ENUM_CONVERSION = YES;
				CLANG_WARN_INFINITE_RECURSION = YES;
				CLANG_WARN_INT_CONVERSION = YES;
				CLANG_WARN_NON_LITERAL_NULL_CONVERSION = YES;
				CLANG_WARN_OBJC_IMPLICIT_RETAIN_SELF = YES;
				CLANG_WARN_OBJC_LITERAL_CONVERSION = YES;
				CLANG_WARN_OBJC_ROOT_CLASS = YES_ERROR;
				CLANG_WARN_QUOTED_INCLUDE_IN_FRAMEWORK_HEADER = YES;
				CLANG_WARN_RANGE_LOOP_ANALYSIS = YES;
				CLANG_WARN_STRICT_PROTOTYPES = YES;
				CLANG_WARN_SUSPICIOUS_MOVE = YES;
				CLANG_WARN_UNGUARDED_AVAILABILITY = YES_AGGRESSIVE;
				CLANG_WARN_UNREACHABLE_CODE = YES;
				CLANG_WARN__DUPLICATE_METHOD_MATCH = YES;
				COPY_PHASE_STRIP = NO;
				DEBUG_INFORMATION_FORMAT = dwarf;
				ENABLE_STRICT_OBJC_MSGSEND = YES;
				ENABLE_TESTABILITY = YES;
				GCC_C_LANGUAGE_STANDARD = gnu11;
				GCC_DYNAMIC_NO_PIC = NO;
				GCC_NO_COMMON_BLOCKS = YES;
				GCC_OPTIMIZATION_LEVEL = 0;
				GCC_PREPROCESSOR_DEFINITIONS = (
					"DEBUG=1",
					"$(inherited)",
				);
				GCC_WARN_64_TO_32_BIT_CONVERSION = YES;
				GCC_WARN_ABOUT_RETURN_TYPE = YES_ERROR;
				GCC_WARN_UNDECLARED_SELECTOR = YES;
				GCC_WARN_UNINITIALIZED_AUTOS = YES_AGGRESSIVE;
				GCC_WARN_UNUSED_FUNCTION = YES;
				GCC_WARN_UNUSED_VARIABLE = YES;
				IPHONEOS_DEPLOYMENT_TARGET = 14.4;
				MTL_ENABLE_DEBUG_INFO = INCLUDE_SOURCE;
				MTL_FAST_MATH = YES;
				ONLY_ACTIVE_ARCH = YES;
				SDKROOT = iphoneos;
			};
			name = Debug;
		};
		BCB6F55F26885FE0004E8045 /* Release */ = {
			isa = XCBuildConfiguration;
			buildSettings = {
				ALWAYS_SEARCH_USER_PATHS = NO;
				CLANG_ANALYZER_NONNULL = YES;
				CLANG_ANALYZER_NUMBER_OBJECT_CONVERSION = YES_AGGRESSIVE;
				CLANG_CXX_LANGUAGE_STANDARD = "gnu++14";
				CLANG_CXX_LIBRARY = "libc++";
				CLANG_ENABLE_MODULES = YES;
				CLANG_ENABLE_OBJC_ARC = YES;
				CLANG_ENABLE_OBJC_WEAK = YES;
				CLANG_WARN_BLOCK_CAPTURE_AUTORELEASING = YES;
				CLANG_WARN_BOOL_CONVERSION = YES;
				CLANG_WARN_COMMA = YES;
				CLANG_WARN_CONSTANT_CONVERSION = YES;
				CLANG_WARN_DEPRECATED_OBJC_IMPLEMENTATIONS = YES;
				CLANG_WARN_DIRECT_OBJC_ISA_USAGE = YES_ERROR;
				CLANG_WARN_DOCUMENTATION_COMMENTS = YES;
				CLANG_WARN_EMPTY_BODY = YES;
				CLANG_WARN_ENUM_CONVERSION = YES;
				CLANG_WARN_INFINITE_RECURSION = YES;
				CLANG_WARN_INT_CONVERSION = YES;
				CLANG_WARN_NON_LITERAL_NULL_CONVERSION = YES;
				CLANG_WARN_OBJC_IMPLICIT_RETAIN_SELF = YES;
				CLANG_WARN_OBJC_LITERAL_CONVERSION = YES;
				CLANG_WARN_OBJC_ROOT_CLASS = YES_ERROR;
				CLANG_WARN_QUOTED_INCLUDE_IN_FRAMEWORK_HEADER = YES;
				CLANG_WARN_RANGE_LOOP_ANALYSIS = YES;
				CLANG_WARN_STRICT_PROTOTYPES = YES;
				CLANG_WARN_SUSPICIOUS_MOVE = YES;
				CLANG_WARN_UNGUARDED_AVAILABILITY = YES_AGGRESSIVE;
				CLANG_WARN_UNREACHABLE_CODE = YES;
				CLANG_WARN__DUPLICATE_METHOD_MATCH = YES;
				COPY_PHASE_STRIP = NO;
				DEBUG_INFORMATION_FORMAT = "dwarf-with-dsym";
				ENABLE_NS_ASSERTIONS = NO;
				ENABLE_STRICT_OBJC_MSGSEND = YES;
				GCC_C_LANGUAGE_STANDARD = gnu11;
				GCC_NO_COMMON_BLOCKS = YES;
				GCC_WARN_64_TO_32_BIT_CONVERSION = YES;
				GCC_WARN_ABOUT_RETURN_TYPE = YES_ERROR;
				GCC_WARN_UNDECLARED_SELECTOR = YES;
				GCC_WARN_UNINITIALIZED_AUTOS = YES_AGGRESSIVE;
				GCC_WARN_UNUSED_FUNCTION = YES;
				GCC_WARN_UNUSED_VARIABLE = YES;
				IPHONEOS_DEPLOYMENT_TARGET = 14.4;
				MTL_ENABLE_DEBUG_INFO = NO;
				MTL_FAST_MATH = YES;
				SDKROOT = iphoneos;
				VALIDATE_PRODUCT = YES;
			};
			name = Release;
		};
		BCB6F56126885FE0004E8045 /* Debug */ = {
			isa = XCBuildConfiguration;
			baseConfigurationReference = 55BA7C24A38A0680C9EA7836 /* Pods-cordova-project.debug.xcconfig */;
			buildSettings = {
				ASSETCATALOG_COMPILER_APPICON_NAME = AppIcon;
				ASSETCATALOG_COMPILER_GLOBAL_ACCENT_COLOR_NAME = AccentColor;
				CODE_SIGN_STYLE = Automatic;
				DEVELOPMENT_TEAM = AULC75KMVC;
				INFOPLIST_FILE = "cordova-project/Info.plist";
				IPHONEOS_DEPLOYMENT_TARGET = 12.0;
				LD_RUNPATH_SEARCH_PATHS = (
					"$(inherited)",
					"@executable_path/Frameworks",
				);
				PRODUCT_BUNDLE_IDENTIFIER = "com.mayan29.cordova-project";
				PRODUCT_NAME = "$(TARGET_NAME)";
				TARGETED_DEVICE_FAMILY = "1,2";
			};
			name = Debug;
		};
		BCB6F56226885FE0004E8045 /* Release */ = {
			isa = XCBuildConfiguration;
			baseConfigurationReference = 915BAC1AB54CCD6726B23F03 /* Pods-cordova-project.release.xcconfig */;
			buildSettings = {
				ASSETCATALOG_COMPILER_APPICON_NAME = AppIcon;
				ASSETCATALOG_COMPILER_GLOBAL_ACCENT_COLOR_NAME = AccentColor;
				CODE_SIGN_STYLE = Automatic;
				DEVELOPMENT_TEAM = AULC75KMVC;
				INFOPLIST_FILE = "cordova-project/Info.plist";
				IPHONEOS_DEPLOYMENT_TARGET = 12.0;
				LD_RUNPATH_SEARCH_PATHS = (
					"$(inherited)",
					"@executable_path/Frameworks",
				);
				PRODUCT_BUNDLE_IDENTIFIER = "com.mayan29.cordova-project";
				PRODUCT_NAME = "$(TARGET_NAME)";
				TARGETED_DEVICE_FAMILY = "1,2";
			};
			name = Release;
		};
/* End XCBuildConfiguration section */

/* Begin XCConfigurationList section */
		BCB6F54226885FDD004E8045 /* Build configuration list for PBXProject "cordova-project" */ = {
			isa = XCConfigurationList;
			buildConfigurations = (
				BCB6F55E26885FE0004E8045 /* Debug */,
				BCB6F55F26885FE0004E8045 /* Release */,
			);
			defaultConfigurationIsVisible = 0;
			defaultConfigurationName = Release;
		};
		BCB6F56026885FE0004E8045 /* Build configuration list for PBXNativeTarget "cordova-project" */ = {
			isa = XCConfigurationList;
			buildConfigurations = (
				BCB6F56126885FE0004E8045 /* Debug */,
				BCB6F56226885FE0004E8045 /* Release */,
			);
			defaultConfigurationIsVisible = 0;
			defaultConfigurationName = Release;
		};
/* End XCConfigurationList section */
	};
	rootObject = BCB6F53F26885FDD004E8045 /* Project object */;
}
